
Microsoft Visual Studio Solution File, Format Version 12.00
# Visual Studio 14
VisualStudioVersion = 14.0.25420.1
MinimumVisualStudioVersion = 10.0.40219.1
Project("{FAE04EC0-301F-11D3-BF4B-00C04F79EFBC}") = "invetarioCross.Android", "invetarioCross\invetarioCross.Android\invetarioCross.Android.csproj", "{E31602C8-C848-49D9-9291-65451E855355}"
EndProject
Project("{FAE04EC0-301F-11D3-BF4B-00C04F79EFBC}") = "invetarioCross", "invetarioCross\invetarioCross\invetarioCross.csproj", "{559FCCDF-2B6B-4E1B-8727-8102A2C7EB41}"
EndProject
Project("{FAE04EC0-301F-11D3-BF4B-00C04F79EFBC}") = "invetarioCross.UWP", "invetarioCross\invetarioCross.UWP\invetarioCross.UWP.csproj", "{87FFB84E-C72C-4C29-AD8F-EEF234D7D19D}"
EndProject
Project("{FAE04EC0-301F-11D3-BF4B-00C04F79EFBC}") = "invetarioCross.iOS", "invetarioCross\invetarioCross.iOS\invetarioCross.iOS.csproj", "{64473DA3-8338-4A05-8511-02845CF6F8DA}"
EndProject
Global
	GlobalSection(SolutionConfigurationPlatforms) = preSolution
		Ad-Hoc|Any CPU = Ad-Hoc|Any CPU
		Ad-Hoc|ARM = Ad-Hoc|ARM
		Ad-Hoc|iPhone = Ad-Hoc|iPhone
		Ad-Hoc|iPhoneSimulator = Ad-Hoc|iPhoneSimulator
		Ad-Hoc|x64 = Ad-Hoc|x64
		Ad-Hoc|x86 = Ad-Hoc|x86
		AppStore|Any CPU = AppStore|Any CPU
		AppStore|ARM = AppStore|ARM
		AppStore|iPhone = AppStore|iPhone
		AppStore|iPhoneSimulator = AppStore|iPhoneSimulator
		AppStore|x64 = AppStore|x64
		AppStore|x86 = AppStore|x86
		Debug|Any CPU = Debug|Any CPU
		Debug|ARM = Debug|ARM
		Debug|iPhone = Debug|iPhone
		Debug|iPhoneSimulator = Debug|iPhoneSimulator
		Debug|x64 = Debug|x64
		Debug|x86 = Debug|x86
		Release|Any CPU = Release|Any CPU
		Release|ARM = Release|ARM
		Release|iPhone = Release|iPhone
		Release|iPhoneSimulator = Release|iPhoneSimulator
		Release|x64 = Release|x64
		Release|x86 = Release|x86
	EndGlobalSection
	GlobalSection(ProjectConfigurationPlatforms) = postSolution
		{E31602C8-C848-49D9-9291-65451E855355}.Ad-Hoc|Any CPU.ActiveCfg = Release|Any CPU
		{E31602C8-C848-49D9-9291-65451E855355}.Ad-Hoc|Any CPU.Build.0 = Release|Any CPU
		{E31602C8-C848-49D9-9291-65451E855355}.Ad-Hoc|Any CPU.Deploy.0 = Release|Any CPU
		{E31602C8-C848-49D9-9291-65451E855355}.Ad-Hoc|ARM.ActiveCfg = Release|Any CPU
		{E31602C8-C848-49D9-9291-65451E855355}.Ad-Hoc|ARM.Build.0 = Release|Any CPU
		{E31602C8-C848-49D9-9291-65451E855355}.Ad-Hoc|ARM.Deploy.0 = Release|Any CPU
		{E31602C8-C848-49D9-9291-65451E855355}.Ad-Hoc|iPhone.ActiveCfg = Release|Any CPU
		{E31602C8-C848-49D9-9291-65451E855355}.Ad-Hoc|iPhone.Build.0 = Release|Any CPU
		{E31602C8-C848-49D9-9291-65451E855355}.Ad-Hoc|iPhone.Deploy.0 = Release|Any CPU
		{E31602C8-C848-49D9-9291-65451E855355}.Ad-Hoc|iPhoneSimulator.ActiveCfg = Release|Any CPU
		{E31602C8-C848-49D9-9291-65451E855355}.Ad-Hoc|iPhoneSimulator.Build.0 = Release|Any CPU
		{E31602C8-C848-49D9-9291-65451E855355}.Ad-Hoc|iPhoneSimulator.Deploy.0 = Release|Any CPU
		{E31602C8-C848-49D9-9291-65451E855355}.Ad-Hoc|x64.ActiveCfg = Release|Any CPU
		{E31602C8-C848-49D9-9291-65451E855355}.Ad-Hoc|x64.Build.0 = Release|Any CPU
		{E31602C8-C848-49D9-9291-65451E855355}.Ad-Hoc|x64.Deploy.0 = Release|Any CPU
		{E31602C8-C848-49D9-9291-65451E855355}.Ad-Hoc|x86.ActiveCfg = Release|Any CPU
		{E31602C8-C848-49D9-9291-65451E855355}.Ad-Hoc|x86.Build.0 = Release|Any CPU
		{E31602C8-C848-49D9-9291-65451E855355}.Ad-Hoc|x86.Deploy.0 = Release|Any CPU
		{E31602C8-C848-49D9-9291-65451E855355}.AppStore|Any CPU.ActiveCfg = Release|Any CPU
		{E31602C8-C848-49D9-9291-65451E855355}.AppStore|Any CPU.Build.0 = Release|Any CPU
		{E31602C8-C848-49D9-9291-65451E855355}.AppStore|Any CPU.Deploy.0 = Release|Any CPU
		{E31602C8-C848-49D9-9291-65451E855355}.AppStore|ARM.ActiveCfg = Release|Any CPU
		{E31602C8-C848-49D9-9291-65451E855355}.AppStore|ARM.Build.0 = Release|Any CPU
		{E31602C8-C848-49D9-9291-65451E855355}.AppStore|ARM.Deploy.0 = Release|Any CPU
		{E31602C8-C848-49D9-9291-65451E855355}.AppStore|iPhone.ActiveCfg = Release|Any CPU
		{E31602C8-C848-49D9-9291-65451E855355}.AppStore|iPhone.Build.0 = Release|Any CPU
		{E31602C8-C848-49D9-9291-65451E855355}.AppStore|iPhone.Deploy.0 = Release|Any CPU
		{E31602C8-C848-49D9-9291-65451E855355}.AppStore|iPhoneSimulator.ActiveCfg = Release|Any CPU
		{E31602C8-C848-49D9-9291-65451E855355}.AppStore|iPhoneSimulator.Build.0 = Release|Any CPU
		{E31602C8-C848-49D9-9291-65451E855355}.AppStore|iPhoneSimulator.Deploy.0 = Release|Any CPU
		{E31602C8-C848-49D9-9291-65451E855355}.AppStore|x64.ActiveCfg = Release|Any CPU
		{E31602C8-C848-49D9-9291-65451E855355}.AppStore|x64.Build.0 = Release|Any CPU
		{E31602C8-C848-49D9-9291-65451E855355}.AppStore|x64.Deploy.0 = Release|Any CPU
		{E31602C8-C848-49D9-9291-65451E855355}.AppStore|x86.ActiveCfg = Release|Any CPU
		{E31602C8-C848-49D9-9291-65451E855355}.AppStore|x86.Build.0 = Release|Any CPU
		{E31602C8-C848-49D9-9291-65451E855355}.AppStore|x86.Deploy.0 = Release|Any CPU
		{E31602C8-C848-49D9-9291-65451E855355}.Debug|Any CPU.ActiveCfg = Debug|Any CPU
		{E31602C8-C848-49D9-9291-65451E855355}.Debug|Any CPU.Build.0 = Debug|Any CPU
		{E31602C8-C848-49D9-9291-65451E855355}.Debug|Any CPU.Deploy.0 = Debug|Any CPU
		{E31602C8-C848-49D9-9291-65451E855355}.Debug|ARM.ActiveCfg = Debug|Any CPU
		{E31602C8-C848-49D9-9291-65451E855355}.Debug|ARM.Build.0 = Debug|Any CPU
		{E31602C8-C848-49D9-9291-65451E855355}.Debug|ARM.Deploy.0 = Debug|Any CPU
		{E31602C8-C848-49D9-9291-65451E855355}.Debug|iPhone.ActiveCfg = Debug|Any CPU
		{E31602C8-C848-49D9-9291-65451E855355}.Debug|iPhone.Build.0 = Debug|Any CPU
		{E31602C8-C848-49D9-9291-65451E855355}.Debug|iPhone.Deploy.0 = Debug|Any CPU
		{E31602C8-C848-49D9-9291-65451E855355}.Debug|iPhoneSimulator.ActiveCfg = Debug|Any CPU
		{E31602C8-C848-49D9-9291-65451E855355}.Debug|iPhoneSimulator.Build.0 = Debug|Any CPU
		{E31602C8-C848-49D9-9291-65451E855355}.Debug|iPhoneSimulator.Deploy.0 = Debug|Any CPU
		{E31602C8-C848-49D9-9291-65451E855355}.Debug|x64.ActiveCfg = Debug|Any CPU
		{E31602C8-C848-49D9-9291-65451E855355}.Debug|x64.Build.0 = Debug|Any CPU
		{E31602C8-C848-49D9-9291-65451E855355}.Debug|x64.Deploy.0 = Debug|Any CPU
		{E31602C8-C848-49D9-9291-65451E855355}.Debug|x86.ActiveCfg = Debug|Any CPU
		{E31602C8-C848-49D9-9291-65451E855355}.Debug|x86.Build.0 = Debug|Any CPU
		{E31602C8-C848-49D9-9291-65451E855355}.Debug|x86.Deploy.0 = Debug|Any CPU
		{E31602C8-C848-49D9-9291-65451E855355}.Release|Any CPU.ActiveCfg = Release|Any CPU
		{E31602C8-C848-49D9-9291-65451E855355}.Release|Any CPU.Build.0 = Release|Any CPU
		{E31602C8-C848-49D9-9291-65451E855355}.Release|Any CPU.Deploy.0 = Release|Any CPU
		{E31602C8-C848-49D9-9291-65451E855355}.Release|ARM.ActiveCfg = Release|Any CPU
		{E31602C8-C848-49D9-9291-65451E855355}.Release|ARM.Build.0 = Release|Any CPU
		{E31602C8-C848-49D9-9291-65451E855355}.Release|ARM.Deploy.0 = Release|Any CPU
		{E31602C8-C848-49D9-9291-65451E855355}.Release|iPhone.ActiveCfg = Release|Any CPU
		{E31602C8-C848-49D9-9291-65451E855355}.Release|iPhone.Build.0 = Release|Any CPU
		{E31602C8-C848-49D9-9291-65451E855355}.Release|iPhone.Deploy.0 = Release|Any CPU
		{E31602C8-C848-49D9-9291-65451E855355}.Release|iPhoneSimulator.ActiveCfg = Release|Any CPU
		{E31602C8-C848-49D9-9291-65451E855355}.Release|iPhoneSimulator.Build.0 = Release|Any CPU
		{E31602C8-C848-49D9-9291-65451E855355}.Release|iPhoneSimulator.Deploy.0 = Release|Any CPU
		{E31602C8-C848-49D9-9291-65451E855355}.Release|x64.ActiveCfg = Release|Any CPU
		{E31602C8-C848-49D9-9291-65451E855355}.Release|x64.Build.0 = Release|Any CPU
		{E31602C8-C848-49D9-9291-65451E855355}.Release|x64.Deploy.0 = Release|Any CPU
		{E31602C8-C848-49D9-9291-65451E855355}.Release|x86.ActiveCfg = Release|Any CPU
		{E31602C8-C848-49D9-9291-65451E855355}.Release|x86.Build.0 = Release|Any CPU
		{E31602C8-C848-49D9-9291-65451E855355}.Release|x86.Deploy.0 = Release|Any CPU
		{559FCCDF-2B6B-4E1B-8727-8102A2C7EB41}.Ad-Hoc|Any CPU.ActiveCfg = Release|Any CPU
		{559FCCDF-2B6B-4E1B-8727-8102A2C7EB41}.Ad-Hoc|Any CPU.Build.0 = Release|Any CPU
		{559FCCDF-2B6B-4E1B-8727-8102A2C7EB41}.Ad-Hoc|ARM.ActiveCfg = Release|Any CPU
		{559FCCDF-2B6B-4E1B-8727-8102A2C7EB41}.Ad-Hoc|ARM.Build.0 = Release|Any CPU
		{559FCCDF-2B6B-4E1B-8727-8102A2C7EB41}.Ad-Hoc|iPhone.ActiveCfg = Release|Any CPU
		{559FCCDF-2B6B-4E1B-8727-8102A2C7EB41}.Ad-Hoc|iPhone.Build.0 = Release|Any CPU
		{559FCCDF-2B6B-4E1B-8727-8102A2C7EB41}.Ad-Hoc|iPhoneSimulator.ActiveCfg = Release|Any CPU
		{559FCCDF-2B6B-4E1B-8727-8102A2C7EB41}.Ad-Hoc|iPhoneSimulator.Build.0 = Release|Any CPU
		{559FCCDF-2B6B-4E1B-8727-8102A2C7EB41}.Ad-Hoc|x64.ActiveCfg = Release|Any CPU
		{559FCCDF-2B6B-4E1B-8727-8102A2C7EB41}.Ad-Hoc|x64.Build.0 = Release|Any CPU
		{559FCCDF-2B6B-4E1B-8727-8102A2C7EB41}.Ad-Hoc|x86.ActiveCfg = Release|Any CPU
		{559FCCDF-2B6B-4E1B-8727-8102A2C7EB41}.Ad-Hoc|x86.Build.0 = Release|Any CPU
		{559FCCDF-2B6B-4E1B-8727-8102A2C7EB41}.AppStore|Any CPU.ActiveCfg = Release|Any CPU
		{559FCCDF-2B6B-4E1B-8727-8102A2C7EB41}.AppStore|Any CPU.Build.0 = Release|Any CPU
		{559FCCDF-2B6B-4E1B-8727-8102A2C7EB41}.AppStore|ARM.ActiveCfg = Release|Any CPU
		{559FCCDF-2B6B-4E1B-8727-8102A2C7EB41}.AppStore|ARM.Build.0 = Release|Any CPU
		{559FCCDF-2B6B-4E1B-8727-8102A2C7EB41}.AppStore|iPhone.ActiveCfg = Release|Any CPU
		{559FCCDF-2B6B-4E1B-8727-8102A2C7EB41}.AppStore|iPhone.Build.0 = Release|Any CPU
		{559FCCDF-2B6B-4E1B-8727-8102A2C7EB41}.AppStore|iPhoneSimulator.ActiveCfg = Release|Any CPU
		{559FCCDF-2B6B-4E1B-8727-8102A2C7EB41}.AppStore|iPhoneSimulator.Build.0 = Release|Any CPU
		{559FCCDF-2B6B-4E1B-8727-8102A2C7EB41}.AppStore|x64.ActiveCfg = Release|Any CPU
		{559FCCDF-2B6B-4E1B-8727-8102A2C7EB41}.AppStore|x64.Build.0 = Release|Any CPU
		{559FCCDF-2B6B-4E1B-8727-8102A2C7EB41}.AppStore|x86.ActiveCfg = Release|Any CPU
		{559FCCDF-2B6B-4E1B-8727-8102A2C7EB41}.AppStore|x86.Build.0 = Release|Any CPU
		{559FCCDF-2B6B-4E1B-8727-8102A2C7EB41}.Debug|Any CPU.ActiveCfg = Debug|Any CPU
		{559FCCDF-2B6B-4E1B-8727-8102A2C7EB41}.Debug|Any CPU.Build.0 = Debug|Any CPU
		{559FCCDF-2B6B-4E1B-8727-8102A2C7EB41}.Debug|ARM.ActiveCfg = Debug|Any CPU
		{559FCCDF-2B6B-4E1B-8727-8102A2C7EB41}.Debug|ARM.Build.0 = Debug|Any CPU
		{559FCCDF-2B6B-4E1B-8727-8102A2C7EB41}.Debug|iPhone.ActiveCfg = Debug|Any CPU
		{559FCCDF-2B6B-4E1B-8727-8102A2C7EB41}.Debug|iPhone.Build.0 = Debug|Any CPU
		{559FCCDF-2B6B-4E1B-8727-8102A2C7EB41}.Debug|iPhoneSimulator.ActiveCfg = Debug|Any CPU
		{559FCCDF-2B6B-4E1B-8727-8102A2C7EB41}.Debug|iPhoneSimulator.Build.0 = Debug|Any CPU
		{559FCCDF-2B6B-4E1B-8727-8102A2C7EB41}.Debug|x64.ActiveCfg = Debug|Any CPU
		{559FCCDF-2B6B-4E1B-8727-8102A2C7EB41}.Debug|x64.Build.0 = Debug|Any CPU
		{559FCCDF-2B6B-4E1B-8727-8102A2C7EB41}.Debug|x86.ActiveCfg = Debug|Any CPU
		{559FCCDF-2B6B-4E1B-8727-8102A2C7EB41}.Debug|x86.Build.0 = Debug|Any CPU
		{559FCCDF-2B6B-4E1B-8727-8102A2C7EB41}.Release|Any CPU.ActiveCfg = Release|Any CPU
		{559FCCDF-2B6B-4E1B-8727-8102A2C7EB41}.Release|Any CPU.Build.0 = Release|Any CPU
		{559FCCDF-2B6B-4E1B-8727-8102A2C7EB41}.Release|ARM.ActiveCfg = Release|Any CPU
		{559FCCDF-2B6B-4E1B-8727-8102A2C7EB41}.Release|ARM.Build.0 = Release|Any CPU
		{559FCCDF-2B6B-4E1B-8727-8102A2C7EB41}.Release|iPhone.ActiveCfg = Release|Any CPU
		{559FCCDF-2B6B-4E1B-8727-8102A2C7EB41}.Release|iPhone.Build.0 = Release|Any CPU
		{559FCCDF-2B6B-4E1B-8727-8102A2C7EB41}.Release|iPhoneSimulator.ActiveCfg = Release|Any CPU
		{559FCCDF-2B6B-4E1B-8727-8102A2C7EB41}.Release|iPhoneSimulator.Build.0 = Release|Any CPU
		{559FCCDF-2B6B-4E1B-8727-8102A2C7EB41}.Release|x64.ActiveCfg = Release|Any CPU
		{559FCCDF-2B6B-4E1B-8727-8102A2C7EB41}.Release|x64.Build.0 = Release|Any CPU
		{559FCCDF-2B6B-4E1B-8727-8102A2C7EB41}.Release|x86.ActiveCfg = Release|Any CPU
		{559FCCDF-2B6B-4E1B-8727-8102A2C7EB41}.Release|x86.Build.0 = Release|Any CPU
		{87FFB84E-C72C-4C29-AD8F-EEF234D7D19D}.Ad-Hoc|Any CPU.ActiveCfg = Release|x86
		{87FFB84E-C72C-4C29-AD8F-EEF234D7D19D}.Ad-Hoc|Any CPU.Build.0 = Release|x86
		{87FFB84E-C72C-4C29-AD8F-EEF234D7D19D}.Ad-Hoc|Any CPU.Deploy.0 = Release|x86
		{87FFB84E-C72C-4C29-AD8F-EEF234D7D19D}.Ad-Hoc|ARM.ActiveCfg = Release|ARM
		{87FFB84E-C72C-4C29-AD8F-EEF234D7D19D}.Ad-Hoc|ARM.Build.0 = Release|ARM
		{87FFB84E-C72C-4C29-AD8F-EEF234D7D19D}.Ad-Hoc|ARM.Deploy.0 = Release|ARM
		{87FFB84E-C72C-4C29-AD8F-EEF234D7D19D}.Ad-Hoc|iPhone.ActiveCfg = Release|x86
		{87FFB84E-C72C-4C29-AD8F-EEF234D7D19D}.Ad-Hoc|iPhone.Build.0 = Release|x86
		{87FFB84E-C72C-4C29-AD8F-EEF234D7D19D}.Ad-Hoc|iPhone.Deploy.0 = Release|x86
		{87FFB84E-C72C-4C29-AD8F-EEF234D7D19D}.Ad-Hoc|iPhoneSimulator.ActiveCfg = Release|x86
		{87FFB84E-C72C-4C29-AD8F-EEF234D7D19D}.Ad-Hoc|iPhoneSimulator.Build.0 = Release|x86
		{87FFB84E-C72C-4C29-AD8F-EEF234D7D19D}.Ad-Hoc|iPhoneSimulator.Deploy.0 = Release|x86
		{87FFB84E-C72C-4C29-AD8F-EEF234D7D19D}.Ad-Hoc|x64.ActiveCfg = Release|x64
		{87FFB84E-C72C-4C29-AD8F-EEF234D7D19D}.Ad-Hoc|x64.Build.0 = Release|x64
		{87FFB84E-C72C-4C29-AD8F-EEF234D7D19D}.Ad-Hoc|x64.Deploy.0 = Release|x64
		{87FFB84E-C72C-4C29-AD8F-EEF234D7D19D}.Ad-Hoc|x86.ActiveCfg = Release|x86
		{87FFB84E-C72C-4C29-AD8F-EEF234D7D19D}.Ad-Hoc|x86.Build.0 = Release|x86
		{87FFB84E-C72C-4C29-AD8F-EEF234D7D19D}.Ad-Hoc|x86.Deploy.0 = Release|x86
		{87FFB84E-C72C-4C29-AD8F-EEF234D7D19D}.AppStore|Any CPU.ActiveCfg = Release|x86
		{87FFB84E-C72C-4C29-AD8F-EEF234D7D19D}.AppStore|Any CPU.Build.0 = Release|x86
		{87FFB84E-C72C-4C29-AD8F-EEF234D7D19D}.AppStore|Any CPU.Deploy.0 = Release|x86
		{87FFB84E-C72C-4C29-AD8F-EEF234D7D19D}.AppStore|ARM.ActiveCfg = Release|ARM
		{87FFB84E-C72C-4C29-AD8F-EEF234D7D19D}.AppStore|ARM.Build.0 = Release|ARM
		{87FFB84E-C72C-4C29-AD8F-EEF234D7D19D}.AppStore|ARM.Deploy.0 = Release|ARM
		{87FFB84E-C72C-4C29-AD8F-EEF234D7D19D}.AppStore|iPhone.ActiveCfg = Release|x86
		{87FFB84E-C72C-4C29-AD8F-EEF234D7D19D}.AppStore|iPhone.Build.0 = Release|x86
		{87FFB84E-C72C-4C29-AD8F-EEF234D7D19D}.AppStore|iPhone.Deploy.0 = Release|x86
		{87FFB84E-C72C-4C29-AD8F-EEF234D7D19D}.AppStore|iPhoneSimulator.ActiveCfg = Release|x86
		{87FFB84E-C72C-4C29-AD8F-EEF234D7D19D}.AppStore|iPhoneSimulator.Build.0 = Release|x86
		{87FFB84E-C72C-4C29-AD8F-EEF234D7D19D}.AppStore|iPhoneSimulator.Deploy.0 = Release|x86
		{87FFB84E-C72C-4C29-AD8F-EEF234D7D19D}.AppStore|x64.ActiveCfg = Release|x64
		{87FFB84E-C72C-4C29-AD8F-EEF234D7D19D}.AppStore|x64.Build.0 = Release|x64
		{87FFB84E-C72C-4C29-AD8F-EEF234D7D19D}.AppStore|x64.Deploy.0 = Release|x64
		{87FFB84E-C72C-4C29-AD8F-EEF234D7D19D}.AppStore|x86.ActiveCfg = Release|x86
		{87FFB84E-C72C-4C29-AD8F-EEF234D7D19D}.AppStore|x86.Build.0 = Release|x86
		{87FFB84E-C72C-4C29-AD8F-EEF234D7D19D}.AppStore|x86.Deploy.0 = Release|x86
		{87FFB84E-C72C-4C29-AD8F-EEF234D7D19D}.Debug|Any CPU.ActiveCfg = Debug|x86
		{87FFB84E-C72C-4C29-AD8F-EEF234D7D19D}.Debug|ARM.ActiveCfg = Debug|ARM
		{87FFB84E-C72C-4C29-AD8F-EEF234D7D19D}.Debug|ARM.Build.0 = Debug|ARM
		{87FFB84E-C72C-4C29-AD8F-EEF234D7D19D}.Debug|ARM.Deploy.0 = Debug|ARM
		{87FFB84E-C72C-4C29-AD8F-EEF234D7D19D}.Debug|iPhone.ActiveCfg = Debug|x86
		{87FFB84E-C72C-4C29-AD8F-EEF234D7D19D}.Debug|iPhoneSimulator.ActiveCfg = Debug|x86
		{87FFB84E-C72C-4C29-AD8F-EEF234D7D19D}.Debug|x64.ActiveCfg = Debug|x64
		{87FFB84E-C72C-4C29-AD8F-EEF234D7D19D}.Debug|x64.Build.0 = Debug|x64
		{87FFB84E-C72C-4C29-AD8F-EEF234D7D19D}.Debug|x64.Deploy.0 = Debug|x64
		{87FFB84E-C72C-4C29-AD8F-EEF234D7D19D}.Debug|x86.ActiveCfg = Debug|x86
		{87FFB84E-C72C-4C29-AD8F-EEF234D7D19D}.Debug|x86.Build.0 = Debug|x86
		{87FFB84E-C72C-4C29-AD8F-EEF234D7D19D}.Debug|x86.Deploy.0 = Debug|x86
		{87FFB84E-C72C-4C29-AD8F-EEF234D7D19D}.Release|Any CPU.ActiveCfg = Release|x86
		{87FFB84E-C72C-4C29-AD8F-EEF234D7D19D}.Release|ARM.ActiveCfg = Release|ARM
		{87FFB84E-C72C-4C29-AD8F-EEF234D7D19D}.Release|ARM.Build.0 = Release|ARM
		{87FFB84E-C72C-4C29-AD8F-EEF234D7D19D}.Release|ARM.Deploy.0 = Release|ARM
		{87FFB84E-C72C-4C29-AD8F-EEF234D7D19D}.Release|iPhone.ActiveCfg = Release|x86
		{87FFB84E-C72C-4C29-AD8F-EEF234D7D19D}.Release|iPhoneSimulator.ActiveCfg = Release|x86
		{87FFB84E-C72C-4C29-AD8F-EEF234D7D19D}.Release|x64.ActiveCfg = Release|x64
		{87FFB84E-C72C-4C29-AD8F-EEF234D7D19D}.Release|x64.Build.0 = Release|x64
		{87FFB84E-C72C-4C29-AD8F-EEF234D7D19D}.Release|x64.Deploy.0 = Release|x64
		{87FFB84E-C72C-4C29-AD8F-EEF234D7D19D}.Release|x86.ActiveCfg = Release|x86
		{87FFB84E-C72C-4C29-AD8F-EEF234D7D19D}.Release|x86.Build.0 = Release|x86
		{87FFB84E-C72C-4C29-AD8F-EEF234D7D19D}.Release|x86.Deploy.0 = Release|x86
		{64473DA3-8338-4A05-8511-02845CF6F8DA}.Ad-Hoc|Any CPU.ActiveCfg = Ad-Hoc|iPhone
		{64473DA3-8338-4A05-8511-02845CF6F8DA}.Ad-Hoc|ARM.ActiveCfg = Ad-Hoc|iPhone
		{64473DA3-8338-4A05-8511-02845CF6F8DA}.Ad-Hoc|iPhone.ActiveCfg = Ad-Hoc|iPhone
		{64473DA3-8338-4A05-8511-02845CF6F8DA}.Ad-Hoc|iPhone.Build.0 = Ad-Hoc|iPhone
		{64473DA3-8338-4A05-8511-02845CF6F8DA}.Ad-Hoc|iPhoneSimulator.ActiveCfg = Ad-Hoc|iPhoneSimulator
		{64473DA3-8338-4A05-8511-02845CF6F8DA}.Ad-Hoc|iPhoneSimulator.Build.0 = Ad-Hoc|iPhoneSimulator
		{64473DA3-8338-4A05-8511-02845CF6F8DA}.Ad-Hoc|x64.ActiveCfg = Ad-Hoc|iPhone
		{64473DA3-8338-4A05-8511-02845CF6F8DA}.Ad-Hoc|x86.ActiveCfg = Ad-Hoc|iPhone
		{64473DA3-8338-4A05-8511-02845CF6F8DA}.AppStore|Any CPU.ActiveCfg = AppStore|iPhone
		{64473DA3-8338-4A05-8511-02845CF6F8DA}.AppStore|ARM.ActiveCfg = AppStore|iPhone
		{64473DA3-8338-4A05-8511-02845CF6F8DA}.AppStore|iPhone.ActiveCfg = AppStore|iPhone
		{64473DA3-8338-4A05-8511-02845CF6F8DA}.AppStore|iPhone.Build.0 = AppStore|iPhone
		{64473DA3-8338-4A05-8511-02845CF6F8DA}.AppStore|iPhoneSimulator.ActiveCfg = AppStore|iPhoneSimulator
		{64473DA3-8338-4A05-8511-02845CF6F8DA}.AppStore|iPhoneSimulator.Build.0 = AppStore|iPhoneSimulator
		{64473DA3-8338-4A05-8511-02845CF6F8DA}.AppStore|x64.ActiveCfg = AppStore|iPhone
		{64473DA3-8338-4A05-8511-02845CF6F8DA}.AppStore|x86.ActiveCfg = AppStore|iPhone
		{64473DA3-8338-4A05-8511-02845CF6F8DA}.Debug|Any CPU.ActiveCfg = Debug|iPhone
		{64473DA3-8338-4A05-8511-02845CF6F8DA}.Debug|ARM.ActiveCfg = Debug|iPhone
		{64473DA3-8338-4A05-8511-02845CF6F8DA}.Debug|iPhone.ActiveCfg = Debug|iPhone
		{64473DA3-8338-4A05-8511-02845CF6F8DA}.Debug|iPhone.Build.0 = Debug|iPhone
		{64473DA3-8338-4A05-8511-02845CF6F8DA}.Debug|iPhoneSimulator.ActiveCfg = Debug|iPhoneSimulator
		{64473DA3-8338-4A05-8511-02845CF6F8DA}.Debug|iPhoneSimulator.Build.0 = Debug|iPhoneSimulator
		{64473DA3-8338-4A05-8511-02845CF6F8DA}.Debug|x64.ActiveCfg = Debug|iPhone
		{64473DA3-8338-4A05-8511-02845CF6F8DA}.Debug|x86.ActiveCfg = Debug|iPhone
		{64473DA3-8338-4A05-8511-02845CF6F8DA}.Release|Any CPU.ActiveCfg = Release|iPhone
		{64473DA3-8338-4A05-8511-02845CF6F8DA}.Release|ARM.ActiveCfg = Release|iPhone
		{64473DA3-8338-4A05-8511-02845CF6F8DA}.Release|iPhone.ActiveCfg = Release|iPhone
		{64473DA3-8338-4A05-8511-02845CF6F8DA}.Release|iPhone.Build.0 = Release|iPhone
		{64473DA3-8338-4A05-8511-02845CF6F8DA}.Release|iPhoneSimulator.ActiveCfg = Release|iPhoneSimulator
		{64473DA3-8338-4A05-8511-02845CF6F8DA}.Release|iPhoneSimulator.Build.0 = Release|iPhoneSimulator
		{64473DA3-8338-4A05-8511-02845CF6F8DA}.Release|x64.ActiveCfg = Release|iPhone
		{64473DA3-8338-4A05-8511-02845CF6F8DA}.Release|x86.ActiveCfg = Release|iPhone
	EndGlobalSection
	GlobalSection(SolutionProperties) = preSolution
		HideSolutionNode = FALSE
	EndGlobalSection
EndGlobal
